// !$*UTF8*$!
{
	archiveVersion = 1;
	classes = {
	};
	objectVersion = 56;
	objects = {

/* Begin PBXBuildFile section */
		449318E128F66542009C36DA /* J_I_MApp.swift in Sources */ = {isa = PBXBuildFile; fileRef = 449318E028F66542009C36DA /* J_I_MApp.swift */; };
		449318E328F66542009C36DA /* ContentView.swift in Sources */ = {isa = PBXBuildFile; fileRef = 449318E228F66542009C36DA /* ContentView.swift */; };
		449318E528F66543009C36DA /* Assets.xcassets in Resources */ = {isa = PBXBuildFile; fileRef = 449318E428F66543009C36DA /* Assets.xcassets */; };
		449318E828F66543009C36DA /* Preview Assets.xcassets in Resources */ = {isa = PBXBuildFile; fileRef = 449318E728F66543009C36DA /* Preview Assets.xcassets */; };
		449318F228F66544009C36DA /* J_I_MTests.swift in Sources */ = {isa = PBXBuildFile; fileRef = 449318F128F66544009C36DA /* J_I_MTests.swift */; };
		449318FC28F66544009C36DA /* J_I_MUITests.swift in Sources */ = {isa = PBXBuildFile; fileRef = 449318FB28F66544009C36DA /* J_I_MUITests.swift */; };
		449318FE28F66544009C36DA /* J_I_MUITestsLaunchTests.swift in Sources */ = {isa = PBXBuildFile; fileRef = 449318FD28F66544009C36DA /* J_I_MUITestsLaunchTests.swift */; };
		809866082909A61700BEF819 /* LaunchViewController.swift in Sources */ = {isa = PBXBuildFile; fileRef = 809866072909A61700BEF819 /* LaunchViewController.swift */; };
		80DDB1C528FF490800856233 /* login.swift in Sources */ = {isa = PBXBuildFile; fileRef = 80DDB1C428FF490800856233 /* login.swift */; };
		80DDB1C928FF4F3300856233 /* mainBoard.storyboard in Resources */ = {isa = PBXBuildFile; fileRef = 80DDB1C828FF4F3300856233 /* mainBoard.storyboard */; };
		80DDB1CB28FF9D1800856233 /* register.swift in Sources */ = {isa = PBXBuildFile; fileRef = 80DDB1CA28FF9D1800856233 /* register.swift */; };
/* End PBXBuildFile section */

/* Begin PBXContainerItemProxy section */
		449318EE28F66544009C36DA /* PBXContainerItemProxy */ = {
			isa = PBXContainerItemProxy;
			containerPortal = 449318D528F66542009C36DA /* Project object */;
			proxyType = 1;
			remoteGlobalIDString = 449318DC28F66542009C36DA;
			remoteInfo = J.I.M;
		};
		449318F828F66544009C36DA /* PBXContainerItemProxy */ = {
			isa = PBXContainerItemProxy;
			containerPortal = 449318D528F66542009C36DA /* Project object */;
			proxyType = 1;
			remoteGlobalIDString = 449318DC28F66542009C36DA;
			remoteInfo = J.I.M;
		};
/* End PBXContainerItemProxy section */

/* Begin PBXFileReference section */
		449318DD28F66542009C36DA /* J.I.M.app */ = {isa = PBXFileReference; explicitFileType = wrapper.application; includeInIndex = 0; path = J.I.M.app; sourceTree = BUILT_PRODUCTS_DIR; };
		449318E028F66542009C36DA /* J_I_MApp.swift */ = {isa = PBXFileReference; lastKnownFileType = sourcecode.swift; path = J_I_MApp.swift; sourceTree = "<group>"; };
		449318E228F66542009C36DA /* ContentView.swift */ = {isa = PBXFileReference; lastKnownFileType = sourcecode.swift; path = ContentView.swift; sourceTree = "<group>"; };
		449318E428F66543009C36DA /* Assets.xcassets */ = {isa = PBXFileReference; lastKnownFileType = folder.assetcatalog; path = Assets.xcassets; sourceTree = "<group>"; };
		449318E728F66543009C36DA /* Preview Assets.xcassets */ = {isa = PBXFileReference; lastKnownFileType = folder.assetcatalog; path = "Preview Assets.xcassets"; sourceTree = "<group>"; };
		449318ED28F66544009C36DA /* J.I.MTests.xctest */ = {isa = PBXFileReference; explicitFileType = wrapper.cfbundle; includeInIndex = 0; path = J.I.MTests.xctest; sourceTree = BUILT_PRODUCTS_DIR; };
		449318F128F66544009C36DA /* J_I_MTests.swift */ = {isa = PBXFileReference; lastKnownFileType = sourcecode.swift; path = J_I_MTests.swift; sourceTree = "<group>"; };
		449318F728F66544009C36DA /* J.I.MUITests.xctest */ = {isa = PBXFileReference; explicitFileType = wrapper.cfbundle; includeInIndex = 0; path = J.I.MUITests.xctest; sourceTree = BUILT_PRODUCTS_DIR; };
		449318FB28F66544009C36DA /* J_I_MUITests.swift */ = {isa = PBXFileReference; lastKnownFileType = sourcecode.swift; path = J_I_MUITests.swift; sourceTree = "<group>"; };
		449318FD28F66544009C36DA /* J_I_MUITestsLaunchTests.swift */ = {isa = PBXFileReference; lastKnownFileType = sourcecode.swift; path = J_I_MUITestsLaunchTests.swift; sourceTree = "<group>"; };
		809866072909A61700BEF819 /* LaunchViewController.swift */ = {isa = PBXFileReference; lastKnownFileType = sourcecode.swift; path = LaunchViewController.swift; sourceTree = "<group>"; };
		80DDB1C428FF490800856233 /* login.swift */ = {isa = PBXFileReference; lastKnownFileType = sourcecode.swift; path = login.swift; sourceTree = "<group>"; };
		80DDB1C828FF4F3300856233 /* mainBoard.storyboard */ = {isa = PBXFileReference; lastKnownFileType = file.storyboard; path = mainBoard.storyboard; sourceTree = "<group>"; };
		80DDB1CA28FF9D1800856233 /* register.swift */ = {isa = PBXFileReference; lastKnownFileType = sourcecode.swift; path = register.swift; sourceTree = "<group>"; };
/* End PBXFileReference section */

/* Begin PBXFrameworksBuildPhase section */
		449318DA28F66542009C36DA /* Frameworks */ = {
			isa = PBXFrameworksBuildPhase;
			buildActionMask = 2147483647;
			files = (
			);
			runOnlyForDeploymentPostprocessing = 0;
		};
		449318EA28F66544009C36DA /* Frameworks */ = {
			isa = PBXFrameworksBuildPhase;
			buildActionMask = 2147483647;
			files = (
			);
			runOnlyForDeploymentPostprocessing = 0;
		};
		449318F428F66544009C36DA /* Frameworks */ = {
			isa = PBXFrameworksBuildPhase;
			buildActionMask = 2147483647;
			files = (
			);
			runOnlyForDeploymentPostprocessing = 0;
		};
/* End PBXFrameworksBuildPhase section */

/* Begin PBXGroup section */
		449318D428F66542009C36DA = {
			isa = PBXGroup;
			children = (
				449318DF28F66542009C36DA /* J.I.M */,
				449318F028F66544009C36DA /* J.I.MTests */,
				449318FA28F66544009C36DA /* J.I.MUITests */,
				449318DE28F66542009C36DA /* Products */,
			);
			sourceTree = "<group>";
		};
		449318DE28F66542009C36DA /* Products */ = {
			isa = PBXGroup;
			children = (
				449318DD28F66542009C36DA /* J.I.M.app */,
				449318ED28F66544009C36DA /* J.I.MTests.xctest */,
				449318F728F66544009C36DA /* J.I.MUITests.xctest */,
			);
			name = Products;
			sourceTree = "<group>";
		};
		449318DF28F66542009C36DA /* J.I.M */ = {
			isa = PBXGroup;
			children = (
				449318E028F66542009C36DA /* J_I_MApp.swift */,
				449318E228F66542009C36DA /* ContentView.swift */,
				80DDB1C428FF490800856233 /* login.swift */,
				80DDB1CA28FF9D1800856233 /* register.swift */,
				80DDB1C828FF4F3300856233 /* mainBoard.storyboard */,
				809866092909A76B00BEF819 /* View Controllers */,
				449318E428F66543009C36DA /* Assets.xcassets */,
				449318E628F66543009C36DA /* Preview Content */,
			);
			path = J.I.M;
			sourceTree = "<group>";
		};
		449318E628F66543009C36DA /* Preview Content */ = {
			isa = PBXGroup;
			children = (
				449318E728F66543009C36DA /* Preview Assets.xcassets */,
			);
			path = "Preview Content";
			sourceTree = "<group>";
		};
		449318F028F66544009C36DA /* J.I.MTests */ = {
			isa = PBXGroup;
			children = (
				449318F128F66544009C36DA /* J_I_MTests.swift */,
			);
			path = J.I.MTests;
			sourceTree = "<group>";
		};
		449318FA28F66544009C36DA /* J.I.MUITests */ = {
			isa = PBXGroup;
			children = (
				449318FB28F66544009C36DA /* J_I_MUITests.swift */,
				449318FD28F66544009C36DA /* J_I_MUITestsLaunchTests.swift */,
			);
			path = J.I.MUITests;
			sourceTree = "<group>";
		};
		809866092909A76B00BEF819 /* View Controllers */ = {
			isa = PBXGroup;
			children = (
				809866072909A61700BEF819 /* LaunchViewController.swift */,
			);
			path = "View Controllers";
			sourceTree = "<group>";
		};
/* End PBXGroup section */

/* Begin PBXNativeTarget section */
		449318DC28F66542009C36DA /* J.I.M */ = {
			isa = PBXNativeTarget;
			buildConfigurationList = 4493190128F66544009C36DA /* Build configuration list for PBXNativeTarget "J.I.M" */;
			buildPhases = (
				449318D928F66542009C36DA /* Sources */,
				449318DA28F66542009C36DA /* Frameworks */,
				449318DB28F66542009C36DA /* Resources */,
			);
			buildRules = (
			);
			dependencies = (
			);
			name = J.I.M;
			productName = J.I.M;
			productReference = 449318DD28F66542009C36DA /* J.I.M.app */;
			productType = "com.apple.product-type.application";
		};
		449318EC28F66544009C36DA /* J.I.MTests */ = {
			isa = PBXNativeTarget;
			buildConfigurationList = 4493190428F66544009C36DA /* Build configuration list for PBXNativeTarget "J.I.MTests" */;
			buildPhases = (
				449318E928F66544009C36DA /* Sources */,
				449318EA28F66544009C36DA /* Frameworks */,
				449318EB28F66544009C36DA /* Resources */,
			);
			buildRules = (
			);
			dependencies = (
				449318EF28F66544009C36DA /* PBXTargetDependency */,
			);
			name = J.I.MTests;
			productName = J.I.MTests;
			productReference = 449318ED28F66544009C36DA /* J.I.MTests.xctest */;
			productType = "com.apple.product-type.bundle.unit-test";
		};
		449318F628F66544009C36DA /* J.I.MUITests */ = {
			isa = PBXNativeTarget;
			buildConfigurationList = 4493190728F66544009C36DA /* Build configuration list for PBXNativeTarget "J.I.MUITests" */;
			buildPhases = (
				449318F328F66544009C36DA /* Sources */,
				449318F428F66544009C36DA /* Frameworks */,
				449318F528F66544009C36DA /* Resources */,
			);
			buildRules = (
			);
			dependencies = (
				449318F928F66544009C36DA /* PBXTargetDependency */,
			);
			name = J.I.MUITests;
			productName = J.I.MUITests;
			productReference = 449318F728F66544009C36DA /* J.I.MUITests.xctest */;
			productType = "com.apple.product-type.bundle.ui-testing";
		};
/* End PBXNativeTarget section */

/* Begin PBXProject section */
		449318D528F66542009C36DA /* Project object */ = {
			isa = PBXProject;
			attributes = {
				BuildIndependentTargetsInParallel = 1;
				LastSwiftUpdateCheck = 1400;
				LastUpgradeCheck = 1400;
				TargetAttributes = {
					449318DC28F66542009C36DA = {
						CreatedOnToolsVersion = 14.0.1;
					};
					449318EC28F66544009C36DA = {
						CreatedOnToolsVersion = 14.0.1;
						TestTargetID = 449318DC28F66542009C36DA;
					};
					449318F628F66544009C36DA = {
						CreatedOnToolsVersion = 14.0.1;
						TestTargetID = 449318DC28F66542009C36DA;
					};
				};
			};
			buildConfigurationList = 449318D828F66542009C36DA /* Build configuration list for PBXProject "J.I.M" */;
			compatibilityVersion = "Xcode 14.0";
			developmentRegion = en;
			hasScannedForEncodings = 0;
			knownRegions = (
				en,
				Base,
			);
			mainGroup = 449318D428F66542009C36DA;
			productRefGroup = 449318DE28F66542009C36DA /* Products */;
			projectDirPath = "";
			projectRoot = "";
			targets = (
				449318DC28F66542009C36DA /* J.I.M */,
				449318EC28F66544009C36DA /* J.I.MTests */,
				449318F628F66544009C36DA /* J.I.MUITests */,
			);
		};
/* End PBXProject section */

/* Begin PBXResourcesBuildPhase section */
		449318DB28F66542009C36DA /* Resources */ = {
			isa = PBXResourcesBuildPhase;
			buildActionMask = 2147483647;
			files = (
				449318E828F66543009C36DA /* Preview Assets.xcassets in Resources */,
				449318E528F66543009C36DA /* Assets.xcassets in Resources */,
				80DDB1C928FF4F3300856233 /* mainBoard.storyboard in Resources */,
			);
			runOnlyForDeploymentPostprocessing = 0;
		};
		449318EB28F66544009C36DA /* Resources */ = {
			isa = PBXResourcesBuildPhase;
			buildActionMask = 2147483647;
			files = (
			);
			runOnlyForDeploymentPostprocessing = 0;
		};
		449318F528F66544009C36DA /* Resources */ = {
			isa = PBXResourcesBuildPhase;
			buildActionMask = 2147483647;
			files = (
			);
			runOnlyForDeploymentPostprocessing = 0;
		};
/* End PBXResourcesBuildPhase section */

/* Begin PBXSourcesBuildPhase section */
		449318D928F66542009C36DA /* Sources */ = {
			isa = PBXSourcesBuildPhase;
			buildActionMask = 2147483647;
			files = (
				449318E328F66542009C36DA /* ContentView.swift in Sources */,
				809866082909A61700BEF819 /* LaunchViewController.swift in Sources */,
				80DDB1C528FF490800856233 /* login.swift in Sources */,
				80DDB1CB28FF9D1800856233 /* register.swift in Sources */,
				449318E128F66542009C36DA /* J_I_MApp.swift in Sources */,
			);
			runOnlyForDeploymentPostprocessing = 0;
		};
		449318E928F66544009C36DA /* Sources */ = {
			isa = PBXSourcesBuildPhase;
			buildActionMask = 2147483647;
			files = (
				449318F228F66544009C36DA /* J_I_MTests.swift in Sources */,
			);
			runOnlyForDeploymentPostprocessing = 0;
		};
		449318F328F66544009C36DA /* Sources */ = {
			isa = PBXSourcesBuildPhase;
			buildActionMask = 2147483647;
			files = (
				449318FC28F66544009C36DA /* J_I_MUITests.swift in Sources */,
				449318FE28F66544009C36DA /* J_I_MUITestsLaunchTests.swift in Sources */,
			);
			runOnlyForDeploymentPostprocessing = 0;
		};
/* End PBXSourcesBuildPhase section */

/* Begin PBXTargetDependency section */
		449318EF28F66544009C36DA /* PBXTargetDependency */ = {
			isa = PBXTargetDependency;
			target = 449318DC28F66542009C36DA /* J.I.M */;
			targetProxy = 449318EE28F66544009C36DA /* PBXContainerItemProxy */;
		};
		449318F928F66544009C36DA /* PBXTargetDependency */ = {
			isa = PBXTargetDependency;
			target = 449318DC28F66542009C36DA /* J.I.M */;
			targetProxy = 449318F828F66544009C36DA /* PBXContainerItemProxy */;
		};
/* End PBXTargetDependency section */

/* Begin XCBuildConfiguration section */
		449318FF28F66544009C36DA /* Debug */ = {
			isa = XCBuildConfiguration;
			buildSettings = {
				ALWAYS_SEARCH_USER_PATHS = NO;
				CLANG_ANALYZER_NONNULL = YES;
				CLANG_ANALYZER_NUMBER_OBJECT_CONVERSION = YES_AGGRESSIVE;
				CLANG_CXX_LANGUAGE_STANDARD = "gnu++20";
				CLANG_ENABLE_MODULES = YES;
				CLANG_ENABLE_OBJC_ARC = YES;
				CLANG_ENABLE_OBJC_WEAK = YES;
				CLANG_WARN_BLOCK_CAPTURE_AUTORELEASING = YES;
				CLANG_WARN_BOOL_CONVERSION = YES;
				CLANG_WARN_COMMA = YES;
				CLANG_WARN_CONSTANT_CONVERSION = YES;
				CLANG_WARN_DEPRECATED_OBJC_IMPLEMENTATIONS = YES;
				CLANG_WARN_DIRECT_OBJC_ISA_USAGE = YES_ERROR;
				CLANG_WARN_DOCUMENTATION_COMMENTS = YES;
				CLANG_WARN_EMPTY_BODY = YES;
				CLANG_WARN_ENUM_CONVERSION = YES;
				CLANG_WARN_INFINITE_RECURSION = YES;
				CLANG_WARN_INT_CONVERSION = YES;
				CLANG_WARN_NON_LITERAL_NULL_CONVERSION = YES;
				CLANG_WARN_OBJC_IMPLICIT_RETAIN_SELF = YES;
				CLANG_WARN_OBJC_LITERAL_CONVERSION = YES;
				CLANG_WARN_OBJC_ROOT_CLASS = YES_ERROR;
				CLANG_WARN_QUOTED_INCLUDE_IN_FRAMEWORK_HEADER = YES;
				CLANG_WARN_RANGE_LOOP_ANALYSIS = YES;
				CLANG_WARN_STRICT_PROTOTYPES = YES;
				CLANG_WARN_SUSPICIOUS_MOVE = YES;
				CLANG_WARN_UNGUARDED_AVAILABILITY = YES_AGGRESSIVE;
				CLANG_WARN_UNREACHABLE_CODE = YES;
				CLANG_WARN__DUPLICATE_METHOD_MATCH = YES;
				COPY_PHASE_STRIP = NO;
				DEBUG_INFORMATION_FORMAT = dwarf;
				ENABLE_STRICT_OBJC_MSGSEND = YES;
				ENABLE_TESTABILITY = YES;
				GCC_C_LANGUAGE_STANDARD = gnu11;
				GCC_DYNAMIC_NO_PIC = NO;
				GCC_NO_COMMON_BLOCKS = YES;
				GCC_OPTIMIZATION_LEVEL = 0;
				GCC_PREPROCESSOR_DEFINITIONS = (
					"DEBUG=1",
					"$(inherited)",
				);
				GCC_WARN_64_TO_32_BIT_CONVERSION = YES;
				GCC_WARN_ABOUT_RETURN_TYPE = YES_ERROR;
				GCC_WARN_UNDECLARED_SELECTOR = YES;
				GCC_WARN_UNINITIALIZED_AUTOS = YES_AGGRESSIVE;
				GCC_WARN_UNUSED_FUNCTION = YES;
				GCC_WARN_UNUSED_VARIABLE = YES;
				IPHONEOS_DEPLOYMENT_TARGET = 16.0;
				MTL_ENABLE_DEBUG_INFO = INCLUDE_SOURCE;
				MTL_FAST_MATH = YES;
				ONLY_ACTIVE_ARCH = YES;
				SDKROOT = iphoneos;
				SWIFT_ACTIVE_COMPILATION_CONDITIONS = DEBUG;
				SWIFT_OPTIMIZATION_LEVEL = "-Onone";
			};
			name = Debug;
		};
		4493190028F66544009C36DA /* Release */ = {
			isa = XCBuildConfiguration;
			buildSettings = {
				ALWAYS_SEARCH_USER_PATHS = NO;
				CLANG_ANALYZER_NONNULL = YES;
				CLANG_ANALYZER_NUMBER_OBJECT_CONVERSION = YES_AGGRESSIVE;
				CLANG_CXX_LANGUAGE_STANDARD = "gnu++20";
				CLANG_ENABLE_MODULES = YES;
				CLANG_ENABLE_OBJC_ARC = YES;
				CLANG_ENABLE_OBJC_WEAK = YES;
				CLANG_WARN_BLOCK_CAPTURE_AUTORELEASING = YES;
				CLANG_WARN_BOOL_CONVERSION = YES;
				CLANG_WARN_COMMA = YES;
				CLANG_WARN_CONSTANT_CONVERSION = YES;
				CLANG_WARN_DEPRECATED_OBJC_IMPLEMENTATIONS = YES;
				CLANG_WARN_DIRECT_OBJC_ISA_USAGE = YES_ERROR;
				CLANG_WARN_DOCUMENTATION_COMMENTS = YES;
				CLANG_WARN_EMPTY_BODY = YES;
				CLANG_WARN_ENUM_CONVERSION = YES;
				CLANG_WARN_INFINITE_RECURSION = YES;
				CLANG_WARN_INT_CONVERSION = YES;
				CLANG_WARN_NON_LITERAL_NULL_CONVERSION = YES;
				CLANG_WARN_OBJC_IMPLICIT_RETAIN_SELF = YES;
				CLANG_WARN_OBJC_LITERAL_CONVERSION = YES;
				CLANG_WARN_OBJC_ROOT_CLASS = YES_ERROR;
				CLANG_WARN_QUOTED_INCLUDE_IN_FRAMEWORK_HEADER = YES;
				CLANG_WARN_RANGE_LOOP_ANALYSIS = YES;
				CLANG_WARN_STRICT_PROTOTYPES = YES;
				CLANG_WARN_SUSPICIOUS_MOVE = YES;
				CLANG_WARN_UNGUARDED_AVAILABILITY = YES_AGGRESSIVE;
				CLANG_WARN_UNREACHABLE_CODE = YES;
				CLANG_WARN__DUPLICATE_METHOD_MATCH = YES;
				COPY_PHASE_STRIP = NO;
				DEBUG_INFORMATION_FORMAT = "dwarf-with-dsym";
				ENABLE_NS_ASSERTIONS = NO;
				ENABLE_STRICT_OBJC_MSGSEND = YES;
				GCC_C_LANGUAGE_STANDARD = gnu11;
				GCC_NO_COMMON_BLOCKS = YES;
				GCC_WARN_64_TO_32_BIT_CONVERSION = YES;
				GCC_WARN_ABOUT_RETURN_TYPE = YES_ERROR;
				GCC_WARN_UNDECLARED_SELECTOR = YES;
				GCC_WARN_UNINITIALIZED_AUTOS = YES_AGGRESSIVE;
				GCC_WARN_UNUSED_FUNCTION = YES;
				GCC_WARN_UNUSED_VARIABLE = YES;
				IPHONEOS_DEPLOYMENT_TARGET = 16.0;
				MTL_ENABLE_DEBUG_INFO = NO;
				MTL_FAST_MATH = YES;
				SDKROOT = iphoneos;
				SWIFT_COMPILATION_MODE = wholemodule;
				SWIFT_OPTIMIZATION_LEVEL = "-O";
				VALIDATE_PRODUCT = YES;
			};
			name = Release;
		};
		4493190228F66544009C36DA /* Debug */ = {
			isa = XCBuildConfiguration;
			buildSettings = {
				ASSETCATALOG_COMPILER_APPICON_NAME = AppIcon;
				ASSETCATALOG_COMPILER_GLOBAL_ACCENT_COLOR_NAME = AccentColor;
				CODE_SIGN_STYLE = Automatic;
				CURRENT_PROJECT_VERSION = 1;
				DEVELOPMENT_ASSET_PATHS = "\"J.I.M/Preview Content\"";
				ENABLE_PREVIEWS = YES;
				GENERATE_INFOPLIST_FILE = YES;
				INFOPLIST_KEY_CFBundleDisplayName = ProjectJIM;
				INFOPLIST_KEY_LSApplicationCategoryType = "public.app-category.lifestyle";
				INFOPLIST_KEY_UIApplicationSceneManifest_Generation = YES;
				INFOPLIST_KEY_UIApplicationSupportsIndirectInputEvents = YES;
				INFOPLIST_KEY_UILaunchScreen_Generation = YES;
				INFOPLIST_KEY_UISupportedInterfaceOrientations = UIInterfaceOrientationPortrait;
				LD_RUNPATH_SEARCH_PATHS = (
					"$(inherited)",
					"@executable_path/Frameworks",
				);
				MARKETING_VERSION = 1.0;
				PRODUCT_BUNDLE_IDENTIFIER = "SFSU.J-I-M";
				PRODUCT_NAME = "$(TARGET_NAME)";
				SWIFT_EMIT_LOC_STRINGS = YES;
				SWIFT_VERSION = 5.0;
				TARGETED_DEVICE_FAMILY = "1,2";
			};
			name = Debug;
		};
		4493190328F66544009C36DA /* Release */ = {
			isa = XCBuildConfiguration;
			buildSettings = {
				ASSETCATALOG_COMPILER_APPICON_NAME = AppIcon;
				ASSETCATALOG_COMPILER_GLOBAL_ACCENT_COLOR_NAME = AccentColor;
				CODE_SIGN_STYLE = Automatic;
				CURRENT_PROJECT_VERSION = 1;
				DEVELOPMENT_ASSET_PATHS = "\"J.I.M/Preview Content\"";
				ENABLE_PREVIEWS = YES;
				GENERATE_INFOPLIST_FILE = YES;
				INFOPLIST_KEY_CFBundleDisplayName = ProjectJIM;
				INFOPLIST_KEY_LSApplicationCategoryType = "public.app-category.lifestyle";
				INFOPLIST_KEY_UIApplicationSceneManifest_Generation = YES;
				INFOPLIST_KEY_UIApplicationSupportsIndirectInputEvents = YES;
				INFOPLIST_KEY_UILaunchScreen_Generation = YES;
				INFOPLIST_KEY_UISupportedInterfaceOrientations = UIInterfaceOrientationPortrait;
				LD_RUNPATH_SEARCH_PATHS = (
					"$(inherited)",
					"@executable_path/Frameworks",
				);
				MARKETING_VERSION = 1.0;
				PRODUCT_BUNDLE_IDENTIFIER = "SFSU.J-I-M";
				PRODUCT_NAME = "$(TARGET_NAME)";
				SWIFT_EMIT_LOC_STRINGS = YES;
				SWIFT_VERSION = 5.0;
				TARGETED_DEVICE_FAMILY = "1,2";
			};
			name = Release;
		};
		4493190528F66544009C36DA /* Debug */ = {
			isa = XCBuildConfiguration;
			buildSettings = {
				ALWAYS_EMBED_SWIFT_STANDARD_LIBRARIES = YES;
				BUNDLE_LOADER = "$(TEST_HOST)";
				CODE_SIGN_STYLE = Automatic;
				CURRENT_PROJECT_VERSION = 1;
				GENERATE_INFOPLIST_FILE = YES;
				IPHONEOS_DEPLOYMENT_TARGET = 16.0;
				MARKETING_VERSION = 1.0;
				PRODUCT_BUNDLE_IDENTIFIER = "SFSU.J-I-MTests";
				PRODUCT_NAME = "$(TARGET_NAME)";
				SWIFT_EMIT_LOC_STRINGS = NO;
				SWIFT_VERSION = 5.0;
				TARGETED_DEVICE_FAMILY = "1,2";
				TEST_HOST = "$(BUILT_PRODUCTS_DIR)/J.I.M.app/$(BUNDLE_EXECUTABLE_FOLDER_PATH)/J.I.M";
			};
			name = Debug;
		};
		4493190628F66544009C36DA /* Release */ = {
			isa = XCBuildConfiguration;
			buildSettings = {
				ALWAYS_EMBED_SWIFT_STANDARD_LIBRARIES = YES;
				BUNDLE_LOADER = "$(TEST_HOST)";
				CODE_SIGN_STYLE = Automatic;
				CURRENT_PROJECT_VERSION = 1;
				GENERATE_INFOPLIST_FILE = YES;
				IPHONEOS_DEPLOYMENT_TARGET = 16.0;
				MARKETING_VERSION = 1.0;
				PRODUCT_BUNDLE_IDENTIFIER = "SFSU.J-I-MTests";
				PRODUCT_NAME = "$(TARGET_NAME)";
				SWIFT_EMIT_LOC_STRINGS = NO;
				SWIFT_VERSION = 5.0;
				TARGETED_DEVICE_FAMILY = "1,2";
				TEST_HOST = "$(BUILT_PRODUCTS_DIR)/J.I.M.app/$(BUNDLE_EXECUTABLE_FOLDER_PATH)/J.I.M";
			};
			name = Release;
		};
		4493190828F66544009C36DA /* Debug */ = {
			isa = XCBuildConfiguration;
			buildSettings = {
				ALWAYS_EMBED_SWIFT_STANDARD_LIBRARIES = YES;
				CODE_SIGN_STYLE = Automatic;
				CURRENT_PROJECT_VERSION = 1;
				GENERATE_INFOPLIST_FILE = YES;
				MARKETING_VERSION = 1.0;
				PRODUCT_BUNDLE_IDENTIFIER = "SFSU.J-I-MUITests";
				PRODUCT_NAME = "$(TARGET_NAME)";
				SWIFT_EMIT_LOC_STRINGS = NO;
				SWIFT_VERSION = 5.0;
				TARGETED_DEVICE_FAMILY = "1,2";
				TEST_TARGET_NAME = J.I.M;
			};
			name = Debug;
		};
		4493190928F66544009C36DA /* Release */ = {
			isa = XCBuildConfiguration;
			buildSettings = {
				ALWAYS_EMBED_SWIFT_STANDARD_LIBRARIES = YES;
				CODE_SIGN_STYLE = Automatic;
				CURRENT_PROJECT_VERSION = 1;
				GENERATE_INFOPLIST_FILE = YES;
				MARKETING_VERSION = 1.0;
				PRODUCT_BUNDLE_IDENTIFIER = "SFSU.J-I-MUITests";
				PRODUCT_NAME = "$(TARGET_NAME)";
				SWIFT_EMIT_LOC_STRINGS = NO;
				SWIFT_VERSION = 5.0;
				TARGETED_DEVICE_FAMILY = "1,2";
				TEST_TARGET_NAME = J.I.M;
			};
			name = Release;
		};
/* End XCBuildConfiguration section */

/* Begin XCConfigurationList section */
		449318D828F66542009C36DA /* Build configuration list for PBXProject "J.I.M" */ = {
			isa = XCConfigurationList;
			buildConfigurations = (
				449318FF28F66544009C36DA /* Debug */,
				4493190028F66544009C36DA /* Release */,
			);
			defaultConfigurationIsVisible = 0;
			defaultConfigurationName = Release;
		};
		4493190128F66544009C36DA /* Build configuration list for PBXNativeTarget "J.I.M" */ = {
			isa = XCConfigurationList;
			buildConfigurations = (
				4493190228F66544009C36DA /* Debug */,
				4493190328F66544009C36DA /* Release */,
			);
			defaultConfigurationIsVisible = 0;
			defaultConfigurationName = Release;
		};
		4493190428F66544009C36DA /* Build configuration list for PBXNativeTarget "J.I.MTests" */ = {
			isa = XCConfigurationList;
			buildConfigurations = (
				4493190528F66544009C36DA /* Debug */,
				4493190628F66544009C36DA /* Release */,
			);
			defaultConfigurationIsVisible = 0;
			defaultConfigurationName = Release;
		};
		4493190728F66544009C36DA /* Build configuration list for PBXNativeTarget "J.I.MUITests" */ = {
			isa = XCConfigurationList;
			buildConfigurations = (
				4493190828F66544009C36DA /* Debug */,
				4493190928F66544009C36DA /* Release */,
			);
			defaultConfigurationIsVisible = 0;
			defaultConfigurationName = Release;
		};
/* End XCConfigurationList section */
	};
	rootObject = 449318D528F66542009C36DA /* Project object */;
}
