// !$*UTF8*$!
{
	archiveVersion = 1;
	classes = {
	};
	objectVersion = 56;
	objects = {

/* Begin PBXBuildFile section */
		44D96A1629F3BF9F00E6AA6B /* JIM4_0App.swift in Sources */ = {isa = PBXBuildFile; fileRef = 44D96A1529F3BF9F00E6AA6B /* JIM4_0App.swift */; };
		44D96A1829F3BF9F00E6AA6B /* ContentView.swift in Sources */ = {isa = PBXBuildFile; fileRef = 44D96A1729F3BF9F00E6AA6B /* ContentView.swift */; };
		44D96A1A29F3BFA100E6AA6B /* Assets.xcassets in Resources */ = {isa = PBXBuildFile; fileRef = 44D96A1929F3BFA100E6AA6B /* Assets.xcassets */; };
		44D96A1D29F3BFA100E6AA6B /* Preview Assets.xcassets in Resources */ = {isa = PBXBuildFile; fileRef = 44D96A1C29F3BFA100E6AA6B /* Preview Assets.xcassets */; };
		44D96A2729F3BFA200E6AA6B /* JIM4_0Tests.swift in Sources */ = {isa = PBXBuildFile; fileRef = 44D96A2629F3BFA200E6AA6B /* JIM4_0Tests.swift */; };
		44D96A3129F3BFA200E6AA6B /* JIM4_0UITests.swift in Sources */ = {isa = PBXBuildFile; fileRef = 44D96A3029F3BFA200E6AA6B /* JIM4_0UITests.swift */; };
		44D96A3329F3BFA200E6AA6B /* JIM4_0UITestsLaunchTests.swift in Sources */ = {isa = PBXBuildFile; fileRef = 44D96A3229F3BFA200E6AA6B /* JIM4_0UITestsLaunchTests.swift */; };
		8019C6C829F51FC70065097E /* LaunchScreen.storyboard in Resources */ = {isa = PBXBuildFile; fileRef = 8019C6C729F51FC70065097E /* LaunchScreen.storyboard */; };
		8019C6CC29F5264B0065097E /* jimlogo.png in Resources */ = {isa = PBXBuildFile; fileRef = 8019C6CB29F5264B0065097E /* jimlogo.png */; };
/* End PBXBuildFile section */

/* Begin PBXContainerItemProxy section */
		44D96A2329F3BFA200E6AA6B /* PBXContainerItemProxy */ = {
			isa = PBXContainerItemProxy;
			containerPortal = 44D96A0A29F3BF9F00E6AA6B /* Project object */;
			proxyType = 1;
			remoteGlobalIDString = 44D96A1129F3BF9F00E6AA6B;
			remoteInfo = JIM4.0;
		};
		44D96A2D29F3BFA200E6AA6B /* PBXContainerItemProxy */ = {
			isa = PBXContainerItemProxy;
			containerPortal = 44D96A0A29F3BF9F00E6AA6B /* Project object */;
			proxyType = 1;
			remoteGlobalIDString = 44D96A1129F3BF9F00E6AA6B;
			remoteInfo = JIM4.0;
		};
/* End PBXContainerItemProxy section */

/* Begin PBXFileReference section */
		44D96A1229F3BF9F00E6AA6B /* JIM4.0.app */ = {isa = PBXFileReference; explicitFileType = wrapper.application; includeInIndex = 0; path = JIM4.0.app; sourceTree = BUILT_PRODUCTS_DIR; };
		44D96A1529F3BF9F00E6AA6B /* JIM4_0App.swift */ = {isa = PBXFileReference; lastKnownFileType = sourcecode.swift; path = JIM4_0App.swift; sourceTree = "<group>"; };
		44D96A1729F3BF9F00E6AA6B /* ContentView.swift */ = {isa = PBXFileReference; lastKnownFileType = sourcecode.swift; path = ContentView.swift; sourceTree = "<group>"; };
		44D96A1929F3BFA100E6AA6B /* Assets.xcassets */ = {isa = PBXFileReference; lastKnownFileType = folder.assetcatalog; path = Assets.xcassets; sourceTree = "<group>"; };
		44D96A1C29F3BFA100E6AA6B /* Preview Assets.xcassets */ = {isa = PBXFileReference; lastKnownFileType = folder.assetcatalog; path = "Preview Assets.xcassets"; sourceTree = "<group>"; };
		44D96A2229F3BFA200E6AA6B /* JIM4.0Tests.xctest */ = {isa = PBXFileReference; explicitFileType = wrapper.cfbundle; includeInIndex = 0; path = JIM4.0Tests.xctest; sourceTree = BUILT_PRODUCTS_DIR; };
		44D96A2629F3BFA200E6AA6B /* JIM4_0Tests.swift */ = {isa = PBXFileReference; lastKnownFileType = sourcecode.swift; path = JIM4_0Tests.swift; sourceTree = "<group>"; };
		44D96A2C29F3BFA200E6AA6B /* JIM4.0UITests.xctest */ = {isa = PBXFileReference; explicitFileType = wrapper.cfbundle; includeInIndex = 0; path = JIM4.0UITests.xctest; sourceTree = BUILT_PRODUCTS_DIR; };
		44D96A3029F3BFA200E6AA6B /* JIM4_0UITests.swift */ = {isa = PBXFileReference; lastKnownFileType = sourcecode.swift; path = JIM4_0UITests.swift; sourceTree = "<group>"; };
		44D96A3229F3BFA200E6AA6B /* JIM4_0UITestsLaunchTests.swift */ = {isa = PBXFileReference; lastKnownFileType = sourcecode.swift; path = JIM4_0UITestsLaunchTests.swift; sourceTree = "<group>"; };
		8019C6C629F51F6D0065097E /* JIM4-0-Info.plist */ = {isa = PBXFileReference; lastKnownFileType = text.plist; path = "JIM4-0-Info.plist"; sourceTree = SOURCE_ROOT; };
		8019C6C729F51FC70065097E /* LaunchScreen.storyboard */ = {isa = PBXFileReference; lastKnownFileType = file.storyboard; path = LaunchScreen.storyboard; sourceTree = "<group>"; };
		8019C6CB29F5264B0065097E /* jimlogo.png */ = {isa = PBXFileReference; lastKnownFileType = image.png; name = jimlogo.png; path = ../jimlogo.png; sourceTree = "<group>"; };
/* End PBXFileReference section */

/* Begin PBXFrameworksBuildPhase section */
		44D96A0F29F3BF9F00E6AA6B /* Frameworks */ = {
			isa = PBXFrameworksBuildPhase;
			buildActionMask = 2147483647;
			files = (
			);
			runOnlyForDeploymentPostprocessing = 0;
		};
		44D96A1F29F3BFA200E6AA6B /* Frameworks */ = {
			isa = PBXFrameworksBuildPhase;
			buildActionMask = 2147483647;
			files = (
			);
			runOnlyForDeploymentPostprocessing = 0;
		};
		44D96A2929F3BFA200E6AA6B /* Frameworks */ = {
			isa = PBXFrameworksBuildPhase;
			buildActionMask = 2147483647;
			files = (
			);
			runOnlyForDeploymentPostprocessing = 0;
		};
/* End PBXFrameworksBuildPhase section */

/* Begin PBXGroup section */
		44D96A0929F3BF9F00E6AA6B = {
			isa = PBXGroup;
			children = (
				8019C6CB29F5264B0065097E /* jimlogo.png */,
				44D96A1429F3BF9F00E6AA6B /* JIM4.0 */,
				44D96A2529F3BFA200E6AA6B /* JIM4.0Tests */,
				44D96A2F29F3BFA200E6AA6B /* JIM4.0UITests */,
				44D96A1329F3BF9F00E6AA6B /* Products */,
			);
			sourceTree = "<group>";
		};
		44D96A1329F3BF9F00E6AA6B /* Products */ = {
			isa = PBXGroup;
			children = (
				44D96A1229F3BF9F00E6AA6B /* JIM4.0.app */,
				44D96A2229F3BFA200E6AA6B /* JIM4.0Tests.xctest */,
				44D96A2C29F3BFA200E6AA6B /* JIM4.0UITests.xctest */,
			);
			name = Products;
			sourceTree = "<group>";
		};
		44D96A1429F3BF9F00E6AA6B /* JIM4.0 */ = {
			isa = PBXGroup;
			children = (
				8019C6C729F51FC70065097E /* LaunchScreen.storyboard */,
				8019C6C629F51F6D0065097E /* JIM4-0-Info.plist */,
				44D96A1529F3BF9F00E6AA6B /* JIM4_0App.swift */,
				44D96A1729F3BF9F00E6AA6B /* ContentView.swift */,
				44D96A1929F3BFA100E6AA6B /* Assets.xcassets */,
				44D96A1B29F3BFA100E6AA6B /* Preview Content */,
			);
			path = JIM4.0;
			sourceTree = "<group>";
		};
		44D96A1B29F3BFA100E6AA6B /* Preview Content */ = {
			isa = PBXGroup;
			children = (
				44D96A1C29F3BFA100E6AA6B /* Preview Assets.xcassets */,
			);
			path = "Preview Content";
			sourceTree = "<group>";
		};
		44D96A2529F3BFA200E6AA6B /* JIM4.0Tests */ = {
			isa = PBXGroup;
			children = (
				44D96A2629F3BFA200E6AA6B /* JIM4_0Tests.swift */,
			);
			path = JIM4.0Tests;
			sourceTree = "<group>";
		};
		44D96A2F29F3BFA200E6AA6B /* JIM4.0UITests */ = {
			isa = PBXGroup;
			children = (
				44D96A3029F3BFA200E6AA6B /* JIM4_0UITests.swift */,
				44D96A3229F3BFA200E6AA6B /* JIM4_0UITestsLaunchTests.swift */,
			);
			path = JIM4.0UITests;
			sourceTree = "<group>";
		};
/* End PBXGroup section */

/* Begin PBXNativeTarget section */
		44D96A1129F3BF9F00E6AA6B /* JIM4.0 */ = {
			isa = PBXNativeTarget;
			buildConfigurationList = 44D96A3629F3BFA200E6AA6B /* Build configuration list for PBXNativeTarget "JIM4.0" */;
			buildPhases = (
				44D96A0E29F3BF9F00E6AA6B /* Sources */,
				44D96A0F29F3BF9F00E6AA6B /* Frameworks */,
				44D96A1029F3BF9F00E6AA6B /* Resources */,
			);
			buildRules = (
			);
			dependencies = (
			);
			name = JIM4.0;
			productName = JIM4.0;
			productReference = 44D96A1229F3BF9F00E6AA6B /* JIM4.0.app */;
			productType = "com.apple.product-type.application";
		};
		44D96A2129F3BFA200E6AA6B /* JIM4.0Tests */ = {
			isa = PBXNativeTarget;
			buildConfigurationList = 44D96A3929F3BFA200E6AA6B /* Build configuration list for PBXNativeTarget "JIM4.0Tests" */;
			buildPhases = (
				44D96A1E29F3BFA200E6AA6B /* Sources */,
				44D96A1F29F3BFA200E6AA6B /* Frameworks */,
				44D96A2029F3BFA200E6AA6B /* Resources */,
			);
			buildRules = (
			);
			dependencies = (
				44D96A2429F3BFA200E6AA6B /* PBXTargetDependency */,
			);
			name = JIM4.0Tests;
			productName = JIM4.0Tests;
			productReference = 44D96A2229F3BFA200E6AA6B /* JIM4.0Tests.xctest */;
			productType = "com.apple.product-type.bundle.unit-test";
		};
		44D96A2B29F3BFA200E6AA6B /* JIM4.0UITests */ = {
			isa = PBXNativeTarget;
			buildConfigurationList = 44D96A3C29F3BFA200E6AA6B /* Build configuration list for PBXNativeTarget "JIM4.0UITests" */;
			buildPhases = (
				44D96A2829F3BFA200E6AA6B /* Sources */,
				44D96A2929F3BFA200E6AA6B /* Frameworks */,
				44D96A2A29F3BFA200E6AA6B /* Resources */,
			);
			buildRules = (
			);
			dependencies = (
				44D96A2E29F3BFA200E6AA6B /* PBXTargetDependency */,
			);
			name = JIM4.0UITests;
			productName = JIM4.0UITests;
			productReference = 44D96A2C29F3BFA200E6AA6B /* JIM4.0UITests.xctest */;
			productType = "com.apple.product-type.bundle.ui-testing";
		};
/* End PBXNativeTarget section */

/* Begin PBXProject section */
		44D96A0A29F3BF9F00E6AA6B /* Project object */ = {
			isa = PBXProject;
			attributes = {
				BuildIndependentTargetsInParallel = 1;
				LastSwiftUpdateCheck = 1420;
				LastUpgradeCheck = 1420;
				TargetAttributes = {
					44D96A1129F3BF9F00E6AA6B = {
						CreatedOnToolsVersion = 14.2;
					};
					44D96A2129F3BFA200E6AA6B = {
						CreatedOnToolsVersion = 14.2;
						TestTargetID = 44D96A1129F3BF9F00E6AA6B;
					};
					44D96A2B29F3BFA200E6AA6B = {
						CreatedOnToolsVersion = 14.2;
						TestTargetID = 44D96A1129F3BF9F00E6AA6B;
					};
				};
			};
			buildConfigurationList = 44D96A0D29F3BF9F00E6AA6B /* Build configuration list for PBXProject "JIM4.0" */;
			compatibilityVersion = "Xcode 14.0";
			developmentRegion = en;
			hasScannedForEncodings = 0;
			knownRegions = (
				en,
				Base,
			);
			mainGroup = 44D96A0929F3BF9F00E6AA6B;
			productRefGroup = 44D96A1329F3BF9F00E6AA6B /* Products */;
			projectDirPath = "";
			projectRoot = "";
			targets = (
				44D96A1129F3BF9F00E6AA6B /* JIM4.0 */,
				44D96A2129F3BFA200E6AA6B /* JIM4.0Tests */,
				44D96A2B29F3BFA200E6AA6B /* JIM4.0UITests */,
			);
		};
/* End PBXProject section */

/* Begin PBXResourcesBuildPhase section */
		44D96A1029F3BF9F00E6AA6B /* Resources */ = {
			isa = PBXResourcesBuildPhase;
			buildActionMask = 2147483647;
			files = (
				8019C6C829F51FC70065097E /* LaunchScreen.storyboard in Resources */,
				8019C6CC29F5264B0065097E /* jimlogo.png in Resources */,
				44D96A1D29F3BFA100E6AA6B /* Preview Assets.xcassets in Resources */,
				44D96A1A29F3BFA100E6AA6B /* Assets.xcassets in Resources */,
			);
			runOnlyForDeploymentPostprocessing = 0;
		};
		44D96A2029F3BFA200E6AA6B /* Resources */ = {
			isa = PBXResourcesBuildPhase;
			buildActionMask = 2147483647;
			files = (
			);
			runOnlyForDeploymentPostprocessing = 0;
		};
		44D96A2A29F3BFA200E6AA6B /* Resources */ = {
			isa = PBXResourcesBuildPhase;
			buildActionMask = 2147483647;
			files = (
			);
			runOnlyForDeploymentPostprocessing = 0;
		};
/* End PBXResourcesBuildPhase section */

/* Begin PBXSourcesBuildPhase section */
		44D96A0E29F3BF9F00E6AA6B /* Sources */ = {
			isa = PBXSourcesBuildPhase;
			buildActionMask = 2147483647;
			files = (
				44D96A1829F3BF9F00E6AA6B /* ContentView.swift in Sources */,
				44D96A1629F3BF9F00E6AA6B /* JIM4_0App.swift in Sources */,
			);
			runOnlyForDeploymentPostprocessing = 0;
		};
		44D96A1E29F3BFA200E6AA6B /* Sources */ = {
			isa = PBXSourcesBuildPhase;
			buildActionMask = 2147483647;
			files = (
				44D96A2729F3BFA200E6AA6B /* JIM4_0Tests.swift in Sources */,
			);
			runOnlyForDeploymentPostprocessing = 0;
		};
		44D96A2829F3BFA200E6AA6B /* Sources */ = {
			isa = PBXSourcesBuildPhase;
			buildActionMask = 2147483647;
			files = (
				44D96A3129F3BFA200E6AA6B /* JIM4_0UITests.swift in Sources */,
				44D96A3329F3BFA200E6AA6B /* JIM4_0UITestsLaunchTests.swift in Sources */,
			);
			runOnlyForDeploymentPostprocessing = 0;
		};
/* End PBXSourcesBuildPhase section */

/* Begin PBXTargetDependency section */
		44D96A2429F3BFA200E6AA6B /* PBXTargetDependency */ = {
			isa = PBXTargetDependency;
			target = 44D96A1129F3BF9F00E6AA6B /* JIM4.0 */;
			targetProxy = 44D96A2329F3BFA200E6AA6B /* PBXContainerItemProxy */;
		};
		44D96A2E29F3BFA200E6AA6B /* PBXTargetDependency */ = {
			isa = PBXTargetDependency;
			target = 44D96A1129F3BF9F00E6AA6B /* JIM4.0 */;
			targetProxy = 44D96A2D29F3BFA200E6AA6B /* PBXContainerItemProxy */;
		};
/* End PBXTargetDependency section */

/* Begin XCBuildConfiguration section */
		44D96A3429F3BFA200E6AA6B /* Debug */ = {
			isa = XCBuildConfiguration;
			buildSettings = {
				ALWAYS_SEARCH_USER_PATHS = NO;
				CLANG_ANALYZER_NONNULL = YES;
				CLANG_ANALYZER_NUMBER_OBJECT_CONVERSION = YES_AGGRESSIVE;
				CLANG_CXX_LANGUAGE_STANDARD = "gnu++20";
				CLANG_ENABLE_MODULES = YES;
				CLANG_ENABLE_OBJC_ARC = YES;
				CLANG_ENABLE_OBJC_WEAK = YES;
				CLANG_WARN_BLOCK_CAPTURE_AUTORELEASING = YES;
				CLANG_WARN_BOOL_CONVERSION = YES;
				CLANG_WARN_COMMA = YES;
				CLANG_WARN_CONSTANT_CONVERSION = YES;
				CLANG_WARN_DEPRECATED_OBJC_IMPLEMENTATIONS = YES;
				CLANG_WARN_DIRECT_OBJC_ISA_USAGE = YES_ERROR;
				CLANG_WARN_DOCUMENTATION_COMMENTS = YES;
				CLANG_WARN_EMPTY_BODY = YES;
				CLANG_WARN_ENUM_CONVERSION = YES;
				CLANG_WARN_INFINITE_RECURSION = YES;
				CLANG_WARN_INT_CONVERSION = YES;
				CLANG_WARN_NON_LITERAL_NULL_CONVERSION = YES;
				CLANG_WARN_OBJC_IMPLICIT_RETAIN_SELF = YES;
				CLANG_WARN_OBJC_LITERAL_CONVERSION = YES;
				CLANG_WARN_OBJC_ROOT_CLASS = YES_ERROR;
				CLANG_WARN_QUOTED_INCLUDE_IN_FRAMEWORK_HEADER = YES;
				CLANG_WARN_RANGE_LOOP_ANALYSIS = YES;
				CLANG_WARN_STRICT_PROTOTYPES = YES;
				CLANG_WARN_SUSPICIOUS_MOVE = YES;
				CLANG_WARN_UNGUARDED_AVAILABILITY = YES_AGGRESSIVE;
				CLANG_WARN_UNREACHABLE_CODE = YES;
				CLANG_WARN__DUPLICATE_METHOD_MATCH = YES;
				COPY_PHASE_STRIP = NO;
				DEBUG_INFORMATION_FORMAT = dwarf;
				ENABLE_STRICT_OBJC_MSGSEND = YES;
				ENABLE_TESTABILITY = YES;
				GCC_C_LANGUAGE_STANDARD = gnu11;
				GCC_DYNAMIC_NO_PIC = NO;
				GCC_NO_COMMON_BLOCKS = YES;
				GCC_OPTIMIZATION_LEVEL = 0;
				GCC_PREPROCESSOR_DEFINITIONS = (
					"DEBUG=1",
					"$(inherited)",
				);
				GCC_WARN_64_TO_32_BIT_CONVERSION = YES;
				GCC_WARN_ABOUT_RETURN_TYPE = YES_ERROR;
				GCC_WARN_UNDECLARED_SELECTOR = YES;
				GCC_WARN_UNINITIALIZED_AUTOS = YES_AGGRESSIVE;
				GCC_WARN_UNUSED_FUNCTION = YES;
				GCC_WARN_UNUSED_VARIABLE = YES;
				INFOPLIST_KEY_UILaunchScreen_Generation = NO;
				IPHONEOS_DEPLOYMENT_TARGET = 16.2;
				MTL_ENABLE_DEBUG_INFO = INCLUDE_SOURCE;
				MTL_FAST_MATH = YES;
				ONLY_ACTIVE_ARCH = YES;
				SDKROOT = iphoneos;
				SWIFT_ACTIVE_COMPILATION_CONDITIONS = DEBUG;
				SWIFT_OPTIMIZATION_LEVEL = "-Onone";
			};
			name = Debug;
		};
		44D96A3529F3BFA200E6AA6B /* Release */ = {
			isa = XCBuildConfiguration;
			buildSettings = {
				ALWAYS_SEARCH_USER_PATHS = NO;
				CLANG_ANALYZER_NONNULL = YES;
				CLANG_ANALYZER_NUMBER_OBJECT_CONVERSION = YES_AGGRESSIVE;
				CLANG_CXX_LANGUAGE_STANDARD = "gnu++20";
				CLANG_ENABLE_MODULES = YES;
				CLANG_ENABLE_OBJC_ARC = YES;
				CLANG_ENABLE_OBJC_WEAK = YES;
				CLANG_WARN_BLOCK_CAPTURE_AUTORELEASING = YES;
				CLANG_WARN_BOOL_CONVERSION = YES;
				CLANG_WARN_COMMA = YES;
				CLANG_WARN_CONSTANT_CONVERSION = YES;
				CLANG_WARN_DEPRECATED_OBJC_IMPLEMENTATIONS = YES;
				CLANG_WARN_DIRECT_OBJC_ISA_USAGE = YES_ERROR;
				CLANG_WARN_DOCUMENTATION_COMMENTS = YES;
				CLANG_WARN_EMPTY_BODY = YES;
				CLANG_WARN_ENUM_CONVERSION = YES;
				CLANG_WARN_INFINITE_RECURSION = YES;
				CLANG_WARN_INT_CONVERSION = YES;
				CLANG_WARN_NON_LITERAL_NULL_CONVERSION = YES;
				CLANG_WARN_OBJC_IMPLICIT_RETAIN_SELF = YES;
				CLANG_WARN_OBJC_LITERAL_CONVERSION = YES;
				CLANG_WARN_OBJC_ROOT_CLASS = YES_ERROR;
				CLANG_WARN_QUOTED_INCLUDE_IN_FRAMEWORK_HEADER = YES;
				CLANG_WARN_RANGE_LOOP_ANALYSIS = YES;
				CLANG_WARN_STRICT_PROTOTYPES = YES;
				CLANG_WARN_SUSPICIOUS_MOVE = YES;
				CLANG_WARN_UNGUARDED_AVAILABILITY = YES_AGGRESSIVE;
				CLANG_WARN_UNREACHABLE_CODE = YES;
				CLANG_WARN__DUPLICATE_METHOD_MATCH = YES;
				COPY_PHASE_STRIP = NO;
				DEBUG_INFORMATION_FORMAT = "dwarf-with-dsym";
				ENABLE_NS_ASSERTIONS = NO;
				ENABLE_STRICT_OBJC_MSGSEND = YES;
				GCC_C_LANGUAGE_STANDARD = gnu11;
				GCC_NO_COMMON_BLOCKS = YES;
				GCC_WARN_64_TO_32_BIT_CONVERSION = YES;
				GCC_WARN_ABOUT_RETURN_TYPE = YES_ERROR;
				GCC_WARN_UNDECLARED_SELECTOR = YES;
				GCC_WARN_UNINITIALIZED_AUTOS = YES_AGGRESSIVE;
				GCC_WARN_UNUSED_FUNCTION = YES;
				GCC_WARN_UNUSED_VARIABLE = YES;
				INFOPLIST_KEY_UILaunchScreen_Generation = NO;
				IPHONEOS_DEPLOYMENT_TARGET = 16.2;
				MTL_ENABLE_DEBUG_INFO = NO;
				MTL_FAST_MATH = YES;
				SDKROOT = iphoneos;
				SWIFT_COMPILATION_MODE = wholemodule;
				SWIFT_OPTIMIZATION_LEVEL = "-O";
				VALIDATE_PRODUCT = YES;
			};
			name = Release;
		};
		44D96A3729F3BFA200E6AA6B /* Debug */ = {
			isa = XCBuildConfiguration;
			buildSettings = {
				ASSETCATALOG_COMPILER_APPICON_NAME = AppIcon;
				ASSETCATALOG_COMPILER_GLOBAL_ACCENT_COLOR_NAME = AccentColor;
				ASSETCATALOG_COMPILER_INCLUDE_ALL_APPICON_ASSETS = NO;
				CODE_SIGN_IDENTITY = "Apple Development";
				CODE_SIGN_STYLE = Automatic;
				CURRENT_PROJECT_VERSION = 1;
				DEVELOPMENT_ASSET_PATHS = "\"JIM4.0/Preview Content\"";
				DEVELOPMENT_TEAM = SZTBAYH38Y;
				ENABLE_PREVIEWS = YES;
				GENERATE_INFOPLIST_FILE = YES;
				INFOPLIST_FILE = "JIM4-0-Info.plist";
				INFOPLIST_KEY_CFBundleDisplayName = JIM;
				INFOPLIST_KEY_LSApplicationCategoryType = "public.app-category.lifestyle";
				INFOPLIST_KEY_UIApplicationSceneManifest_Generation = YES;
				INFOPLIST_KEY_UIApplicationSupportsIndirectInputEvents = YES;
				INFOPLIST_KEY_UILaunchStoryboardName = LaunchScreen.storyboard;
				INFOPLIST_KEY_UIStatusBarStyle = "";
				INFOPLIST_KEY_UISupportedInterfaceOrientations_iPad = "UIInterfaceOrientationPortrait UIInterfaceOrientationPortraitUpsideDown UIInterfaceOrientationLandscapeLeft UIInterfaceOrientationLandscapeRight";
				INFOPLIST_KEY_UISupportedInterfaceOrientations_iPhone = "UIInterfaceOrientationPortrait UIInterfaceOrientationLandscapeLeft UIInterfaceOrientationLandscapeRight";
				LD_RUNPATH_SEARCH_PATHS = (
					"$(inherited)",
					"@executable_path/Frameworks",
				);
				MARKETING_VERSION = 1.0;
				PRODUCT_BUNDLE_IDENTIFIER = sfsu.jim;
				PRODUCT_NAME = "$(TARGET_NAME)";
				PROVISIONING_PROFILE_SPECIFIER = "";
				SUPPORTED_PLATFORMS = "iphoneos iphonesimulator";
				SUPPORTS_MACCATALYST = NO;
				SUPPORTS_MAC_DESIGNED_FOR_IPHONE_IPAD = NO;
				SWIFT_EMIT_LOC_STRINGS = YES;
				SWIFT_VERSION = 5.0;
				TARGETED_DEVICE_FAMILY = 1;
			};
			name = Debug;
		};
		44D96A3829F3BFA200E6AA6B /* Release */ = {
			isa = XCBuildConfiguration;
			buildSettings = {
				ASSETCATALOG_COMPILER_APPICON_NAME = AppIcon;
				ASSETCATALOG_COMPILER_GLOBAL_ACCENT_COLOR_NAME = AccentColor;
				ASSETCATALOG_COMPILER_INCLUDE_ALL_APPICON_ASSETS = NO;
				CODE_SIGN_IDENTITY = "Apple Development";
				CODE_SIGN_STYLE = Automatic;
				CURRENT_PROJECT_VERSION = 1;
				DEVELOPMENT_ASSET_PATHS = "\"JIM4.0/Preview Content\"";
				DEVELOPMENT_TEAM = SZTBAYH38Y;
				ENABLE_PREVIEWS = YES;
				GENERATE_INFOPLIST_FILE = YES;
				INFOPLIST_FILE = "JIM4-0-Info.plist";
				INFOPLIST_KEY_CFBundleDisplayName = JIM;
				INFOPLIST_KEY_LSApplicationCategoryType = "public.app-category.lifestyle";
				INFOPLIST_KEY_UIApplicationSceneManifest_Generation = YES;
				INFOPLIST_KEY_UIApplicationSupportsIndirectInputEvents = YES;
				INFOPLIST_KEY_UILaunchStoryboardName = LaunchScreen.storyboard;
				INFOPLIST_KEY_UIStatusBarStyle = "";
				INFOPLIST_KEY_UISupportedInterfaceOrientations_iPad = "UIInterfaceOrientationPortrait UIInterfaceOrientationPortraitUpsideDown UIInterfaceOrientationLandscapeLeft UIInterfaceOrientationLandscapeRight";
				INFOPLIST_KEY_UISupportedInterfaceOrientations_iPhone = "UIInterfaceOrientationPortrait UIInterfaceOrientationLandscapeLeft UIInterfaceOrientationLandscapeRight";
				LD_RUNPATH_SEARCH_PATHS = (
					"$(inherited)",
					"@executable_path/Frameworks",
				);
				MARKETING_VERSION = 1.0;
				PRODUCT_BUNDLE_IDENTIFIER = sfsu.jim;
				PRODUCT_NAME = "$(TARGET_NAME)";
				PROVISIONING_PROFILE_SPECIFIER = "";
				SUPPORTED_PLATFORMS = "iphoneos iphonesimulator";
				SUPPORTS_MACCATALYST = NO;
				SUPPORTS_MAC_DESIGNED_FOR_IPHONE_IPAD = NO;
				SWIFT_EMIT_LOC_STRINGS = YES;
				SWIFT_VERSION = 5.0;
				TARGETED_DEVICE_FAMILY = 1;
			};
			name = Release;
		};
		44D96A3A29F3BFA200E6AA6B /* Debug */ = {
			isa = XCBuildConfiguration;
			buildSettings = {
				ALWAYS_EMBED_SWIFT_STANDARD_LIBRARIES = YES;
				BUNDLE_LOADER = "$(TEST_HOST)";
				CODE_SIGN_STYLE = Automatic;
				CURRENT_PROJECT_VERSION = 1;
				DEVELOPMENT_TEAM = SZTBAYH38Y;
				GENERATE_INFOPLIST_FILE = YES;
				IPHONEOS_DEPLOYMENT_TARGET = 16.2;
				MARKETING_VERSION = 1.0;
				PRODUCT_BUNDLE_IDENTIFIER = "com.sfsu..JIM4-0Tests";
				PRODUCT_NAME = "$(TARGET_NAME)";
				SWIFT_EMIT_LOC_STRINGS = NO;
				SWIFT_VERSION = 5.0;
				TARGETED_DEVICE_FAMILY = "1,2";
				TEST_HOST = "$(BUILT_PRODUCTS_DIR)/JIM4.0.app/$(BUNDLE_EXECUTABLE_FOLDER_PATH)/JIM4.0";
			};
			name = Debug;
		};
		44D96A3B29F3BFA200E6AA6B /* Release */ = {
			isa = XCBuildConfiguration;
			buildSettings = {
				ALWAYS_EMBED_SWIFT_STANDARD_LIBRARIES = YES;
				BUNDLE_LOADER = "$(TEST_HOST)";
				CODE_SIGN_STYLE = Automatic;
				CURRENT_PROJECT_VERSION = 1;
				DEVELOPMENT_TEAM = SZTBAYH38Y;
				GENERATE_INFOPLIST_FILE = YES;
				IPHONEOS_DEPLOYMENT_TARGET = 16.2;
				MARKETING_VERSION = 1.0;
				PRODUCT_BUNDLE_IDENTIFIER = "com.sfsu..JIM4-0Tests";
				PRODUCT_NAME = "$(TARGET_NAME)";
				SWIFT_EMIT_LOC_STRINGS = NO;
				SWIFT_VERSION = 5.0;
				TARGETED_DEVICE_FAMILY = "1,2";
				TEST_HOST = "$(BUILT_PRODUCTS_DIR)/JIM4.0.app/$(BUNDLE_EXECUTABLE_FOLDER_PATH)/JIM4.0";
			};
			name = Release;
		};
		44D96A3D29F3BFA200E6AA6B /* Debug */ = {
			isa = XCBuildConfiguration;
			buildSettings = {
				ALWAYS_EMBED_SWIFT_STANDARD_LIBRARIES = YES;
				CODE_SIGN_STYLE = Automatic;
				CURRENT_PROJECT_VERSION = 1;
				DEVELOPMENT_TEAM = SZTBAYH38Y;
				GENERATE_INFOPLIST_FILE = YES;
				MARKETING_VERSION = 1.0;
				PRODUCT_BUNDLE_IDENTIFIER = "com.sfsu..JIM4-0UITests";
				PRODUCT_NAME = "$(TARGET_NAME)";
				SWIFT_EMIT_LOC_STRINGS = NO;
				SWIFT_VERSION = 5.0;
				TARGETED_DEVICE_FAMILY = "1,2";
				TEST_TARGET_NAME = JIM4.0;
			};
			name = Debug;
		};
		44D96A3E29F3BFA200E6AA6B /* Release */ = {
			isa = XCBuildConfiguration;
			buildSettings = {
				ALWAYS_EMBED_SWIFT_STANDARD_LIBRARIES = YES;
				CODE_SIGN_STYLE = Automatic;
				CURRENT_PROJECT_VERSION = 1;
				DEVELOPMENT_TEAM = SZTBAYH38Y;
				GENERATE_INFOPLIST_FILE = YES;
				MARKETING_VERSION = 1.0;
				PRODUCT_BUNDLE_IDENTIFIER = "com.sfsu..JIM4-0UITests";
				PRODUCT_NAME = "$(TARGET_NAME)";
				SWIFT_EMIT_LOC_STRINGS = NO;
				SWIFT_VERSION = 5.0;
				TARGETED_DEVICE_FAMILY = "1,2";
				TEST_TARGET_NAME = JIM4.0;
			};
			name = Release;
		};
/* End XCBuildConfiguration section */

/* Begin XCConfigurationList section */
		44D96A0D29F3BF9F00E6AA6B /* Build configuration list for PBXProject "JIM4.0" */ = {
			isa = XCConfigurationList;
			buildConfigurations = (
				44D96A3429F3BFA200E6AA6B /* Debug */,
				44D96A3529F3BFA200E6AA6B /* Release */,
			);
			defaultConfigurationIsVisible = 0;
			defaultConfigurationName = Release;
		};
		44D96A3629F3BFA200E6AA6B /* Build configuration list for PBXNativeTarget "JIM4.0" */ = {
			isa = XCConfigurationList;
			buildConfigurations = (
				44D96A3729F3BFA200E6AA6B /* Debug */,
				44D96A3829F3BFA200E6AA6B /* Release */,
			);
			defaultConfigurationIsVisible = 0;
			defaultConfigurationName = Release;
		};
		44D96A3929F3BFA200E6AA6B /* Build configuration list for PBXNativeTarget "JIM4.0Tests" */ = {
			isa = XCConfigurationList;
			buildConfigurations = (
				44D96A3A29F3BFA200E6AA6B /* Debug */,
				44D96A3B29F3BFA200E6AA6B /* Release */,
			);
			defaultConfigurationIsVisible = 0;
			defaultConfigurationName = Release;
		};
		44D96A3C29F3BFA200E6AA6B /* Build configuration list for PBXNativeTarget "JIM4.0UITests" */ = {
			isa = XCConfigurationList;
			buildConfigurations = (
				44D96A3D29F3BFA200E6AA6B /* Debug */,
				44D96A3E29F3BFA200E6AA6B /* Release */,
			);
			defaultConfigurationIsVisible = 0;
			defaultConfigurationName = Release;
		};
/* End XCConfigurationList section */
	};
	rootObject = 44D96A0A29F3BF9F00E6AA6B /* Project object */;
}
